
Microsoft Visual Studio Solution File, Format Version 12.00
# Visual Studio Version 17
VisualStudioVersion = 17.10.35013.160
MinimumVisualStudioVersion = 10.0.40219.1
Project("{FAE04EC0-301F-11D3-BF4B-00C04F79EFBC}") = "MatchGame", "MatchGame\MatchGame.csproj", "{7B259296-ED4E-4727-BCBB-9FCCDCBE0E79}"
EndProject
Global
	GlobalSection(SolutionConfigurationPlatforms) = preSolution
		Debug|Any CPU = Debug|Any CPU
		Release|Any CPU = Release|Any CPU
	EndGlobalSection
	GlobalSection(ProjectConfigurationPlatforms) = postSolution
		{7B259296-ED4E-4727-BCBB-9FCCDCBE0E79}.Debug|Any CPU.ActiveCfg = Debug|Any CPU
		{7B259296-ED4E-4727-BCBB-9FCCDCBE0E79}.Debug|Any CPU.Build.0 = Debug|Any CPU
		{7B259296-ED4E-4727-BCBB-9FCCDCBE0E79}.Release|Any CPU.ActiveCfg = Release|Any CPU
		{7B259296-ED4E-4727-BCBB-9FCCDCBE0E79}.Release|Any CPU.Build.0 = Release|Any CPU
	EndGlobalSection
	GlobalSection(SolutionProperties) = preSolution
		HideSolutionNode = FALSE
	EndGlobalSection
	GlobalSection(ExtensibilityGlobals) = postSolution
		SolutionGuid = {B3963A8D-0760-4864-95F3-D475F596D194}
	EndGlobalSection
EndGlobal
